{
  "nodes": {
    "anyrun": {
      "inputs": {
        "flake-parts": "flake-parts",
        "nixpkgs": [
          "nixpkgs-unstable"
        ],
        "systems": "systems"
      },
      "locked": {
        "lastModified": 1717440077,
        "narHash": "sha256-/lEc5GI1Y3g6qwEmPxhE0g5HHh4LPS7XNEOF530pkyo=",
        "owner": "Kirottu",
        "repo": "anyrun",
        "rev": "de2b05bddbf1dcf220379018eaed4158f34e7863",
        "type": "github"
      },
      "original": {
        "owner": "Kirottu",
        "repo": "anyrun",
        "type": "github"
      }
    },
    "catppuccin-alacritty": {
      "flake": false,
      "locked": {
        "lastModified": 1712663324,
        "narHash": "sha256-Pi1Hicv3wPALGgqurdTzXEzJNx7vVh+8B9tlqhRpR2Y=",
        "owner": "catppuccin",
        "repo": "alacritty",
        "rev": "94800165c13998b600a9da9d29c330de9f28618e",
        "type": "github"
      },
      "original": {
        "owner": "catppuccin",
        "repo": "alacritty",
        "type": "github"
      }
    },
    "catppuccin-bat": {
      "flake": false,
      "locked": {
        "lastModified": 1714038927,
        "narHash": "sha256-Q5B4NDrfCIK3UAMs94vdXnR42k4AXCqZz6sRn8bzmf4=",
        "owner": "catppuccin",
        "repo": "bat",
        "rev": "d714cc1d358ea51bfc02550dabab693f70cccea0",
        "type": "github"
      },
      "original": {
        "owner": "catppuccin",
        "repo": "bat",
        "type": "github"
      }
    },
    "catppuccin-btop": {
      "flake": false,
      "locked": {
        "lastModified": 1715687124,
        "narHash": "sha256-UXeTypc15MhjgGUiCrDUZ40m32yH2o1N+rcrEgY6sME=",
        "owner": "catppuccin",
        "repo": "btop",
        "rev": "21b8d5956a8b07fa52519e3267fb3a2d2e693d17",
        "type": "github"
      },
      "original": {
        "owner": "catppuccin",
        "repo": "btop",
        "type": "github"
      }
    },
    "catppuccin-cava": {
      "flake": false,
      "locked": {
        "lastModified": 1716595578,
        "narHash": "sha256-1+CCUaf8U/NH/eHuYRbQo8inbhSMJ3vji6UH52hrF1s=",
        "owner": "catppuccin",
        "repo": "cava",
        "rev": "6ec25ba688e30f3e5d6004ef6a295e6ba90c64d4",
        "type": "github"
      },
      "original": {
        "owner": "catppuccin",
        "repo": "cava",
        "type": "github"
      }
    },
    "catppuccin-fcitx5": {
      "flake": false,
      "locked": {
        "lastModified": 1664946380,
        "narHash": "sha256-uFaCbyrEjv4oiKUzLVFzw+UY54/h7wh2cntqeyYwGps=",
        "owner": "catppuccin",
        "repo": "fcitx5",
        "rev": "ce244cfdf43a648d984719fdfd1d60aab09f5c97",
        "type": "github"
      },
      "original": {
        "owner": "catppuccin",
        "repo": "fcitx5",
        "type": "github"
      }
    },
    "catppuccin-foot": {
      "flake": false,
      "locked": {
        "lastModified": 1714665182,
        "narHash": "sha256-mkPYHDJtfdfDnqLr1YOjaBpn4lCceok36LrnkUkNIE4=",
        "owner": "catppuccin",
        "repo": "foot",
        "rev": "307611230661b7b1787feb7f9d122e851bae97e9",
        "type": "github"
      },
      "original": {
        "owner": "catppuccin",
        "repo": "foot",
        "type": "github"
      }
    },
    "catppuccin-helix": {
      "flake": false,
      "locked": {
        "lastModified": 1711793543,
        "narHash": "sha256-8d+cGlyW0vurrww0vPETCr077JHibUQTpnTUOLjeObs=",
        "owner": "catppuccin",
        "repo": "helix",
        "rev": "0164c4ca888084df4f511da22c6a0a664b5061d2",
        "type": "github"
      },
      "original": {
        "owner": "catppuccin",
        "repo": "helix",
        "type": "github"
      }
    },
    "catppuccin-hyprland": {
      "flake": false,
      "locked": {
        "lastModified": 1712161758,
        "narHash": "sha256-XTqpmucOeHUgSpXQ0XzbggBFW+ZloRD/3mFhI+Tq4O8=",
        "owner": "catppuccin",
        "repo": "hyprland",
        "rev": "b57375545f5da1f7790341905d1049b1873a8bb3",
        "type": "github"
      },
      "original": {
        "owner": "catppuccin",
        "repo": "hyprland",
        "type": "github"
      }
    },
    "catppuccin-k9s": {
      "flake": false,
      "locked": {
        "lastModified": 1717142936,
        "narHash": "sha256-tg+xFNj9wkWFcD9bXDor/VCZVosoAH+8grz5FY5QgnM=",
        "owner": "catppuccin",
        "repo": "k9s",
        "rev": "e08b9302aee2b7193d6fcc3a9ffd2f24d2957dbf",
        "type": "github"
      },
      "original": {
        "owner": "catppuccin",
        "repo": "k9s",
        "type": "github"
      }
    },
    "catppuccin-starship": {
      "flake": false,
      "locked": {
        "lastModified": 1716565281,
        "narHash": "sha256-KzXO4dqpufxTew064ZLp3zKIXBwbF8Bi+I0Xa63j/lI=",
        "owner": "catppuccin",
        "repo": "starship",
        "rev": "ca2fb0600730fd3958a2cb4d4ca97c401877b365",
        "type": "github"
      },
      "original": {
        "owner": "catppuccin",
        "repo": "starship",
        "type": "github"
      }
    },
    "catppuccin-wezterm": {
      "flake": false,
      "locked": {
        "lastModified": 1681259790,
        "narHash": "sha256-McSWoZaJeK+oqdK/0vjiRxZGuLBpEB10Zg4+7p5dIGY=",
        "owner": "catppuccin",
        "repo": "wezterm",
        "rev": "b1a81bae74d66eaae16457f2d8f151b5bd4fe5da",
        "type": "github"
      },
      "original": {
        "owner": "catppuccin",
        "repo": "wezterm",
        "type": "github"
      }
    },
    "catppuccin-yazi": {
      "flake": false,
      "locked": {
        "lastModified": 1713617364,
        "narHash": "sha256-gT3aMiBspYypkMdx1TDVwElK7aotolE1JJuJtkC9RRc=",
        "owner": "yazi-rs",
        "repo": "themes",
        "rev": "55e4bf55fb07b41927a9dd3528a4fa1b269531af",
        "type": "github"
      },
      "original": {
        "owner": "yazi-rs",
        "repo": "themes",
        "type": "github"
      }
    },
    "doomemacs": {
      "flake": false,
      "locked": {
        "lastModified": 1717444676,
        "narHash": "sha256-yxdLZtgkklFyAg7qB5rjCFCCvXKx5CrmoeVNMdNcV6k=",
        "owner": "doomemacs",
        "repo": "doomemacs",
        "rev": "2729a3f7e34bd3ff64df416141da381378e87b7b",
        "type": "github"
      },
      "original": {
        "owner": "doomemacs",
        "repo": "doomemacs",
        "type": "github"
      }
    },
    "flake-compat": {
      "flake": false,
      "locked": {
        "lastModified": 1696426674,
        "narHash": "sha256-kvjfFW7WAETZlt09AgDn1MrtKzP7t90Vf7vypd3OL1U=",
        "owner": "edolstra",
        "repo": "flake-compat",
        "rev": "0f9255e01c2351cc7d116c072cb317785dd33b33",
        "type": "github"
      },
      "original": {
        "owner": "edolstra",
        "repo": "flake-compat",
        "type": "github"
      }
    },
    "flake-compat_2": {
      "flake": false,
      "locked": {
        "lastModified": 1696426674,
        "narHash": "sha256-kvjfFW7WAETZlt09AgDn1MrtKzP7t90Vf7vypd3OL1U=",
        "owner": "edolstra",
        "repo": "flake-compat",
        "rev": "0f9255e01c2351cc7d116c072cb317785dd33b33",
        "type": "github"
      },
      "original": {
        "owner": "edolstra",
        "repo": "flake-compat",
        "type": "github"
      }
    },
    "flake-compat_3": {
      "flake": false,
      "locked": {
        "lastModified": 1696426674,
        "narHash": "sha256-kvjfFW7WAETZlt09AgDn1MrtKzP7t90Vf7vypd3OL1U=",
        "owner": "edolstra",
        "repo": "flake-compat",
        "rev": "0f9255e01c2351cc7d116c072cb317785dd33b33",
        "type": "github"
      },
      "original": {
        "owner": "edolstra",
        "repo": "flake-compat",
        "type": "github"
      }
    },
    "flake-parts": {
      "inputs": {
        "nixpkgs-lib": [
          "anyrun",
          "nixpkgs"
        ]
      },
      "locked": {
        "lastModified": 1717285511,
        "narHash": "sha256-iKzJcpdXih14qYVcZ9QC9XuZYnPc6T8YImb6dX166kw=",
        "owner": "hercules-ci",
        "repo": "flake-parts",
        "rev": "2a55567fcf15b1b1c7ed712a2c6fadaec7412ea8",
        "type": "github"
      },
      "original": {
        "owner": "hercules-ci",
        "repo": "flake-parts",
        "type": "github"
      }
    },
    "flake-parts_2": {
      "inputs": {
        "nixpkgs-lib": [
          "neovim-nightly",
          "nixpkgs"
        ]
      },
      "locked": {
        "lastModified": 1717285511,
        "narHash": "sha256-iKzJcpdXih14qYVcZ9QC9XuZYnPc6T8YImb6dX166kw=",
        "owner": "hercules-ci",
        "repo": "flake-parts",
        "rev": "2a55567fcf15b1b1c7ed712a2c6fadaec7412ea8",
        "type": "github"
      },
      "original": {
        "owner": "hercules-ci",
        "repo": "flake-parts",
        "type": "github"
      }
    },
    "flake-parts_3": {
      "inputs": {
        "nixpkgs-lib": [
          "neovim-nightly",
          "hercules-ci-effects",
          "nixpkgs"
        ]
      },
      "locked": {
        "lastModified": 1712014858,
        "narHash": "sha256-sB4SWl2lX95bExY2gMFG5HIzvva5AVMJd4Igm+GpZNw=",
        "owner": "hercules-ci",
        "repo": "flake-parts",
        "rev": "9126214d0a59633752a136528f5f3b9aa8565b7d",
        "type": "github"
      },
      "original": {
        "id": "flake-parts",
        "type": "indirect"
      }
    },
    "flake-parts_4": {
      "inputs": {
        "nixpkgs-lib": "nixpkgs-lib"
      },
      "locked": {
        "lastModified": 1717285511,
        "narHash": "sha256-iKzJcpdXih14qYVcZ9QC9XuZYnPc6T8YImb6dX166kw=",
        "owner": "hercules-ci",
        "repo": "flake-parts",
        "rev": "2a55567fcf15b1b1c7ed712a2c6fadaec7412ea8",
        "type": "github"
      },
      "original": {
        "owner": "hercules-ci",
        "repo": "flake-parts",
        "type": "github"
      }
    },
    "flake-utils": {
      "inputs": {
        "systems": "systems_3"
      },
      "locked": {
        "lastModified": 1710146030,
        "narHash": "sha256-SZ5L6eA7HJ/nmkzGG7/ISclqe6oZdOZTNoesiInkXPQ=",
        "owner": "numtide",
        "repo": "flake-utils",
        "rev": "b1d9ab70662946ef0850d488da1c9019f3a9752a",
        "type": "github"
      },
      "original": {
        "owner": "numtide",
        "repo": "flake-utils",
        "type": "github"
      }
    },
    "flake-utils_2": {
      "inputs": {
        "systems": "systems_4"
      },
      "locked": {
        "lastModified": 1681202837,
        "narHash": "sha256-H+Rh19JDwRtpVPAWp64F+rlEtxUWBAQW28eAi3SRSzg=",
        "owner": "numtide",
        "repo": "flake-utils",
        "rev": "cfacdce06f30d2b68473a46042957675eebb3401",
        "type": "github"
      },
      "original": {
        "owner": "numtide",
        "repo": "flake-utils",
        "type": "github"
      }
    },
    "git-hooks": {
      "inputs": {
        "flake-compat": "flake-compat_2",
        "gitignore": "gitignore",
        "nixpkgs": [
          "neovim-nightly",
          "nixpkgs"
        ],
        "nixpkgs-stable": [
          "neovim-nightly",
          "nixpkgs"
        ]
      },
      "locked": {
        "lastModified": 1716213921,
        "narHash": "sha256-xrsYFST8ij4QWaV6HEokCUNIZLjjLP1bYC60K8XiBVA=",
        "owner": "cachix",
        "repo": "git-hooks.nix",
        "rev": "0e8fcc54b842ad8428c9e705cb5994eaf05c26a0",
        "type": "github"
      },
      "original": {
        "owner": "cachix",
        "repo": "git-hooks.nix",
        "type": "github"
      }
    },
    "gitignore": {
      "inputs": {
        "nixpkgs": [
          "neovim-nightly",
          "git-hooks",
          "nixpkgs"
        ]
      },
      "locked": {
        "lastModified": 1709087332,
        "narHash": "sha256-HG2cCnktfHsKV0s4XW83gU3F57gaTljL9KNSuG6bnQs=",
        "owner": "hercules-ci",
        "repo": "gitignore.nix",
        "rev": "637db329424fd7e46cf4185293b9cc8c88c95394",
        "type": "github"
      },
      "original": {
        "owner": "hercules-ci",
        "repo": "gitignore.nix",
        "type": "github"
      }
    },
    "grapple-nvim": {
      "flake": false,
      "locked": {
        "lastModified": 1716044138,
        "narHash": "sha256-apWKHEhXjFdS8xnSX0PoiOMzR+RVuYHFLV9sUl/HhTE=",
        "owner": "cbochs",
        "repo": "grapple.nvim",
        "rev": "7aedc261b05a6c030397c4bc26416efbe746ebf1",
        "type": "github"
      },
      "original": {
        "owner": "cbochs",
        "repo": "grapple.nvim",
        "type": "github"
      }
    },
    "hercules-ci-effects": {
      "inputs": {
        "flake-parts": "flake-parts_3",
        "nixpkgs": [
          "neovim-nightly",
          "nixpkgs"
        ]
      },
      "locked": {
        "lastModified": 1713898448,
        "narHash": "sha256-6q6ojsp/Z9P2goqnxyfCSzFOD92T3Uobmj8oVAicUOs=",
        "owner": "hercules-ci",
        "repo": "hercules-ci-effects",
        "rev": "c0302ec12d569532a6b6bd218f698bc402e93adc",
        "type": "github"
      },
      "original": {
        "owner": "hercules-ci",
        "repo": "hercules-ci-effects",
        "type": "github"
      }
    },
    "home-manager": {
      "inputs": {
        "nixpkgs": [
          "nixpkgs-unstable"
        ]
      },
      "locked": {
        "lastModified": 1717316182,
        "narHash": "sha256-Xi0EpZcu39N0eW7apLjFfUOR9y80toyjYizez7J1wMI=",
        "owner": "nix-community",
        "repo": "home-manager",
        "rev": "9b53a10f4c91892f5af87cf55d08fba59ca086af",
        "type": "github"
      },
      "original": {
        "owner": "nix-community",
        "repo": "home-manager",
        "type": "github"
      }
    },
    "hyprcursor": {
      "inputs": {
        "hyprlang": [
          "hyprland",
          "hyprlang"
        ],
        "nixpkgs": [
          "hyprland",
          "nixpkgs"
        ],
        "systems": [
          "hyprland",
          "systems"
        ]
      },
      "locked": {
        "lastModified": 1716576411,
        "narHash": "sha256-FIN1wMoyePBTtibCbaeJaoKNLuAYIGwLCWAYC1DJanw=",
        "owner": "hyprwm",
        "repo": "hyprcursor",
        "rev": "57298fc4f13c807e50ada2c986a3114b7fc2e621",
        "type": "github"
      },
      "original": {
        "owner": "hyprwm",
        "repo": "hyprcursor",
        "type": "github"
      }
    },
    "hyprland": {
      "inputs": {
        "hyprcursor": "hyprcursor",
        "hyprlang": "hyprlang",
        "hyprwayland-scanner": "hyprwayland-scanner",
        "nixpkgs": [
          "nixpkgs-unstable"
        ],
        "systems": "systems_2",
        "xdph": "xdph"
      },
      "locked": {
        "lastModified": 1717442018,
        "narHash": "sha256-GhL4f5CedZE0UiuzUFkMwGXD+zqlhrzo0y4FC4wQLTM=",
        "ref": "refs/heads/main",
        "rev": "5517cc506b2754cb2485b1bf3e46918ee638ea6d",
        "revCount": 4760,
        "submodules": true,
        "type": "git",
        "url": "https://github.com/hyprwm/Hyprland"
      },
      "original": {
        "submodules": true,
        "type": "git",
        "url": "https://github.com/hyprwm/Hyprland"
      }
    },
    "hyprland-plugins": {
      "inputs": {
        "hyprland": [
          "hyprland"
        ],
        "systems": [
          "hyprland-plugins",
          "hyprland",
          "systems"
        ]
      },
      "locked": {
        "lastModified": 1717171694,
        "narHash": "sha256-LN2lrcGdAMpkooleWSOV+/q1+wx1f3pSBs1TWeoMCkA=",
        "owner": "hyprwm",
        "repo": "hyprland-plugins",
        "rev": "e0cad229c3d799c7f72b1217ab2eb300ceecf3ac",
        "type": "github"
      },
      "original": {
        "owner": "hyprwm",
        "repo": "hyprland-plugins",
        "type": "github"
      }
    },
    "hyprland-protocols": {
      "inputs": {
        "nixpkgs": [
          "hyprland",
          "xdph",
          "nixpkgs"
        ],
        "systems": [
          "hyprland",
          "xdph",
          "systems"
        ]
      },
      "locked": {
        "lastModified": 1691753796,
        "narHash": "sha256-zOEwiWoXk3j3+EoF3ySUJmberFewWlagvewDRuWYAso=",
        "owner": "hyprwm",
        "repo": "hyprland-protocols",
        "rev": "0c2ce70625cb30aef199cb388f99e19a61a6ce03",
        "type": "github"
      },
      "original": {
        "owner": "hyprwm",
        "repo": "hyprland-protocols",
        "type": "github"
      }
    },
    "hyprlang": {
      "inputs": {
        "nixpkgs": [
          "hyprland",
          "nixpkgs"
        ],
        "systems": [
          "hyprland",
          "systems"
        ]
      },
      "locked": {
        "lastModified": 1716473782,
        "narHash": "sha256-+qLn4lsHU6iL3+HTo1gTQ1tWzet8K9h+IfVemzEQZj8=",
        "owner": "hyprwm",
        "repo": "hyprlang",
        "rev": "87d5d984109c839482b88b4795db073eb9ed446f",
        "type": "github"
      },
      "original": {
        "owner": "hyprwm",
        "repo": "hyprlang",
        "type": "github"
      }
    },
    "hyprwayland-scanner": {
      "inputs": {
        "nixpkgs": [
          "hyprland",
          "nixpkgs"
        ],
        "systems": [
          "hyprland",
          "systems"
        ]
      },
      "locked": {
        "lastModified": 1716058375,
        "narHash": "sha256-CwjWoVnBZE5SBpRx9dgSQGCr4Goxyfcyv3zZbOhVqzk=",
        "owner": "hyprwm",
        "repo": "hyprwayland-scanner",
        "rev": "3afed4364790aebe0426077631af1e164a9650cc",
        "type": "github"
      },
      "original": {
        "owner": "hyprwm",
        "repo": "hyprwayland-scanner",
        "type": "github"
      }
    },
    "neotest-java": {
      "flake": false,
      "locked": {
        "lastModified": 1716585554,
        "narHash": "sha256-CeVSZ+MCZ7SeUoU4b9X7a5wwXCgQIwADD/ivFTMNbNg=",
        "owner": "rcasia",
        "repo": "neotest-java",
        "rev": "154c937b9bd8613b943a27b989813f0532fd80ed",
        "type": "github"
      },
      "original": {
        "owner": "rcasia",
        "repo": "neotest-java",
        "type": "github"
      }
    },
    "neotest-vim-test": {
      "flake": false,
      "locked": {
        "lastModified": 1681720687,
        "narHash": "sha256-fFm5Yt2Sus5jLSapHUtLlDkBWPLLKfWsj2NSXD8NPYo=",
        "owner": "nvim-neotest",
        "repo": "neotest-vim-test",
        "rev": "75c4228882ae4883b11bfce9b8383e637eb44192",
        "type": "github"
      },
      "original": {
        "owner": "nvim-neotest",
        "repo": "neotest-vim-test",
        "type": "github"
      }
    },
    "neovim-nightly": {
      "inputs": {
        "flake-compat": "flake-compat",
        "flake-parts": "flake-parts_2",
        "git-hooks": "git-hooks",
        "hercules-ci-effects": "hercules-ci-effects",
        "neovim-src": "neovim-src",
        "nixpkgs": [
          "nixpkgs-unstable"
        ]
      },
      "locked": {
        "lastModified": 1717427132,
        "narHash": "sha256-wfywzgALSyKTfn/1fbHeSMg1QK9YHO/zMnVzNBN49uA=",
        "owner": "nix-community",
        "repo": "neovim-nightly-overlay",
        "rev": "5d7499a492d5c41e943c7521b7d95d561cf1f606",
        "type": "github"
      },
      "original": {
        "owner": "nix-community",
        "repo": "neovim-nightly-overlay",
        "type": "github"
      }
    },
    "neovim-src": {
      "flake": false,
      "locked": {
        "lastModified": 1717364286,
        "narHash": "sha256-+Oc54rm7Rx6XQJ1+fz3BF/8srzYCQLc+d24ad+HMVnU=",
        "owner": "neovim",
        "repo": "neovim",
        "rev": "3a1515bfee59710b4da9bfdf0fc4ecb5b13a00db",
        "type": "github"
      },
      "original": {
        "owner": "neovim",
        "repo": "neovim",
        "type": "github"
      }
    },
    "nix-gaming": {
      "inputs": {
        "flake-parts": "flake-parts_4",
        "nixpkgs": "nixpkgs"
      },
      "locked": {
        "lastModified": 1717291091,
        "narHash": "sha256-mqIW9h5Nl4gupXMWf/0TOD+D6gTaiQ8dHsYVg5eCq5s=",
        "owner": "fufexan",
        "repo": "nix-gaming",
        "rev": "26fb5cc81525a6ba2bb7bfd4b6ecd92cc161afdc",
        "type": "github"
      },
      "original": {
        "owner": "fufexan",
        "repo": "nix-gaming",
        "type": "github"
      }
    },
    "nixos-wsl": {
      "inputs": {
        "flake-compat": "flake-compat_3",
        "flake-utils": "flake-utils",
        "nixpkgs": [
          "nixpkgs-unstable"
        ]
      },
      "locked": {
        "lastModified": 1716640344,
        "narHash": "sha256-AZKQs+KrL70le0RZH8XqZJMc2SahU4LpfEJ2Vd5SWzM=",
        "owner": "nix-community",
        "repo": "NixOS-WSL",
        "rev": "020cd466170204e448b24b246045599fce69ad91",
        "type": "github"
      },
      "original": {
        "owner": "nix-community",
        "repo": "NixOS-WSL",
        "type": "github"
      }
    },
    "nixpkgs": {
      "locked": {
        "lastModified": 1717112898,
        "narHash": "sha256-7R2ZvOnvd9h8fDd65p0JnB7wXfUvreox3xFdYWd1BnY=",
        "owner": "NixOS",
        "repo": "nixpkgs",
        "rev": "6132b0f6e344ce2fe34fc051b72fb46e34f668e0",
        "type": "github"
      },
      "original": {
        "owner": "NixOS",
        "ref": "nixpkgs-unstable",
        "repo": "nixpkgs",
        "type": "github"
      }
    },
    "nixpkgs-lib": {
      "locked": {
        "lastModified": 1717284937,
        "narHash": "sha256-lIbdfCsf8LMFloheeE6N31+BMIeixqyQWbSr2vk79EQ=",
        "type": "tarball",
        "url": "https://github.com/NixOS/nixpkgs/archive/eb9ceca17df2ea50a250b6b27f7bf6ab0186f198.tar.gz"
      },
      "original": {
        "type": "tarball",
        "url": "https://github.com/NixOS/nixpkgs/archive/eb9ceca17df2ea50a250b6b27f7bf6ab0186f198.tar.gz"
      }
    },
    "nixpkgs-stable": {
      "locked": {
        "lastModified": 1717159533,
        "narHash": "sha256-oamiKNfr2MS6yH64rUn99mIZjc45nGJlj9eGth/3Xuw=",
        "owner": "nixos",
        "repo": "nixpkgs",
        "rev": "a62e6edd6d5e1fa0329b8653c801147986f8d446",
        "type": "github"
      },
      "original": {
        "owner": "nixos",
        "ref": "nixos-23.11",
        "repo": "nixpkgs",
        "type": "github"
      }
    },
    "nixpkgs-unstable": {
      "locked": {
        "lastModified": 1717196966,
        "narHash": "sha256-yZKhxVIKd2lsbOqYd5iDoUIwsRZFqE87smE2Vzf6Ck0=",
        "owner": "nixos",
        "repo": "nixpkgs",
        "rev": "57610d2f8f0937f39dbd72251e9614b1561942d8",
        "type": "github"
      },
      "original": {
        "owner": "nixos",
        "ref": "nixos-unstable",
        "repo": "nixpkgs",
        "type": "github"
      }
    },
    "nixpkgs_2": {
      "locked": {
        "lastModified": 1701436327,
        "narHash": "sha256-tRHbnoNI8SIM5O5xuxOmtSLnswEByzmnQcGGyNRjxsE=",
        "rev": "91050ea1e57e50388fa87a3302ba12d188ef723a",
        "revCount": 555097,
        "type": "tarball",
        "url": "https://api.flakehub.com/f/pinned/NixOS/nixpkgs/0.1.555097%2Brev-91050ea1e57e50388fa87a3302ba12d188ef723a/018c3450-2363-7c34-883b-4ba70b1eb7ae/source.tar.gz"
      },
      "original": {
        "type": "tarball",
        "url": "https://flakehub.com/f/NixOS/nixpkgs/0.1.%2A.tar.gz"
      }
    },
    "nuenv": {
      "inputs": {
        "nixpkgs": "nixpkgs_2",
        "rust-overlay": "rust-overlay"
      },
      "locked": {
        "lastModified": 1714761851,
        "narHash": "sha256-I0xDxQddlCT+R+YkLxg6eRSceFSCQFz8RL1clqKkr0g=",
        "owner": "DeterminateSystems",
        "repo": "nuenv",
        "rev": "970bfd5321a5ff55135993f956aa7ad445778151",
        "type": "github"
      },
      "original": {
        "owner": "DeterminateSystems",
        "repo": "nuenv",
        "type": "github"
      }
    },
    "polybar-themes": {
      "flake": false,
      "locked": {
        "lastModified": 1716044464,
        "narHash": "sha256-n5UcGHU/DQYezIma9w3zAQ2QZ7q6TmnbWYghT0EIETU=",
        "owner": "adi1090x",
        "repo": "polybar-themes",
        "rev": "ebfc6eabdf68e9af0f160dc88df20e7a8813d3dd",
        "type": "github"
      },
      "original": {
        "owner": "adi1090x",
        "repo": "polybar-themes",
        "type": "github"
      }
    },
    "root": {
      "inputs": {
        "anyrun": "anyrun",
        "catppuccin-alacritty": "catppuccin-alacritty",
        "catppuccin-bat": "catppuccin-bat",
        "catppuccin-btop": "catppuccin-btop",
        "catppuccin-cava": "catppuccin-cava",
        "catppuccin-fcitx5": "catppuccin-fcitx5",
        "catppuccin-foot": "catppuccin-foot",
        "catppuccin-helix": "catppuccin-helix",
        "catppuccin-hyprland": "catppuccin-hyprland",
        "catppuccin-k9s": "catppuccin-k9s",
        "catppuccin-starship": "catppuccin-starship",
        "catppuccin-wezterm": "catppuccin-wezterm",
        "catppuccin-yazi": "catppuccin-yazi",
        "doomemacs": "doomemacs",
        "grapple-nvim": "grapple-nvim",
        "home-manager": "home-manager",
        "hyprland": "hyprland",
        "hyprland-plugins": "hyprland-plugins",
        "neotest-java": "neotest-java",
        "neotest-vim-test": "neotest-vim-test",
        "neovim-nightly": "neovim-nightly",
        "nix-gaming": "nix-gaming",
        "nixos-wsl": "nixos-wsl",
        "nixpkgs-stable": "nixpkgs-stable",
        "nixpkgs-unstable": "nixpkgs-unstable",
        "nuenv": "nuenv",
        "polybar-themes": "polybar-themes",
        "sentiment-nvim": "sentiment-nvim"
      }
    },
    "rust-overlay": {
      "inputs": {
        "flake-utils": "flake-utils_2",
        "nixpkgs": [
          "nuenv",
          "nixpkgs"
        ]
      },
      "locked": {
        "lastModified": 1701397143,
        "narHash": "sha256-nYUJxZXwCWWVBYZXPgRxGDuQcZRhKTtD/Jp5Jl+9EWU=",
        "owner": "oxalica",
        "repo": "rust-overlay",
        "rev": "bb71557c93cad40f5921b2342d7fd69f9e6497ab",
        "type": "github"
      },
      "original": {
        "owner": "oxalica",
        "repo": "rust-overlay",
        "type": "github"
      }
    },
    "sentiment-nvim": {
      "flake": false,
      "locked": {
        "lastModified": 1685109400,
        "narHash": "sha256-0ZpqlaCIfFrcfxdp/9BVXYvwgBXsqazo0isrsYfUYyQ=",
        "owner": "utilyre",
        "repo": "sentiment.nvim",
        "rev": "ecde8d877881bb78fdb90060c0991e76770dbdbc",
        "type": "github"
      },
      "original": {
        "owner": "utilyre",
        "repo": "sentiment.nvim",
        "type": "github"
      }
    },
    "systems": {
      "locked": {
        "lastModified": 1689347949,
        "narHash": "sha256-12tWmuL2zgBgZkdoB6qXZsgJEH9LR3oUgpaQq2RbI80=",
        "owner": "nix-systems",
        "repo": "default-linux",
        "rev": "31732fcf5e8fea42e59c2488ad31a0e651500f68",
        "type": "github"
      },
      "original": {
        "owner": "nix-systems",
        "repo": "default-linux",
        "type": "github"
      }
    },
    "systems_2": {
      "locked": {
        "lastModified": 1689347949,
        "narHash": "sha256-12tWmuL2zgBgZkdoB6qXZsgJEH9LR3oUgpaQq2RbI80=",
        "owner": "nix-systems",
        "repo": "default-linux",
        "rev": "31732fcf5e8fea42e59c2488ad31a0e651500f68",
        "type": "github"
      },
      "original": {
        "owner": "nix-systems",
        "repo": "default-linux",
        "type": "github"
      }
    },
    "systems_3": {
      "locked": {
        "lastModified": 1681028828,
        "narHash": "sha256-Vy1rq5AaRuLzOxct8nz4T6wlgyUR7zLU309k9mBC768=",
        "owner": "nix-systems",
        "repo": "default",
        "rev": "da67096a3b9bf56a91d16901293e51ba5b49a27e",
        "type": "github"
      },
      "original": {
        "owner": "nix-systems",
        "repo": "default",
        "type": "github"
      }
    },
    "systems_4": {
      "locked": {
        "lastModified": 1681028828,
        "narHash": "sha256-Vy1rq5AaRuLzOxct8nz4T6wlgyUR7zLU309k9mBC768=",
        "owner": "nix-systems",
        "repo": "default",
        "rev": "da67096a3b9bf56a91d16901293e51ba5b49a27e",
        "type": "github"
      },
      "original": {
        "owner": "nix-systems",
        "repo": "default",
        "type": "github"
      }
    },
    "xdph": {
      "inputs": {
        "hyprland-protocols": "hyprland-protocols",
        "hyprlang": [
          "hyprland",
          "hyprlang"
        ],
        "nixpkgs": [
          "hyprland",
          "nixpkgs"
        ],
        "systems": [
          "hyprland",
          "systems"
        ]
      },
      "locked": {
        "lastModified": 1716290197,
        "narHash": "sha256-1u9Exrc7yx9qtES2brDh7/DDZ8w8ap1nboIOAtCgeuM=",
        "owner": "hyprwm",
        "repo": "xdg-desktop-portal-hyprland",
        "rev": "91e48d6acd8a5a611d26f925e51559ab743bc438",
        "type": "github"
      },
      "original": {
        "owner": "hyprwm",
        "repo": "xdg-desktop-portal-hyprland",
        "type": "github"
      }
    }
  },
  "root": "root",
  "version": 7
}
